
Microsoft Visual Studio Solution File, Format Version 12.00
# Visual Studio 15
VisualStudioVersion = 15.0.34112.143
MinimumVisualStudioVersion = 10.0.40219.1
Project("{FAE04EC0-301F-11D3-BF4B-00C04F79EFBC}") = "Views", "WindowsFormsApp21\Views.csproj", "{14AB3533-1D1C-4ECD-82AF-59A620B8E903}"
EndProject
Project("{FAE04EC0-301F-11D3-BF4B-00C04F79EFBC}") = "Controllers", "Controllers\Controllers.csproj", "{F5B0AD36-327C-4B28-B137-FD67548D8468}"
EndProject
Project("{FAE04EC0-301F-11D3-BF4B-00C04F79EFBC}") = "Models", "Models\Models.csproj", "{3BED21FE-988E-45A3-A13C-417951B61F68}"
EndProject
Global
	GlobalSection(SolutionConfigurationPlatforms) = preSolution
		Debug|Any CPU = Debug|Any CPU
		Release|Any CPU = Release|Any CPU
	EndGlobalSection
	GlobalSection(ProjectConfigurationPlatforms) = postSolution
		{14AB3533-1D1C-4ECD-82AF-59A620B8E903}.Debug|Any CPU.ActiveCfg = Debug|Any CPU
		{14AB3533-1D1C-4ECD-82AF-59A620B8E903}.Debug|Any CPU.Build.0 = Debug|Any CPU
		{14AB3533-1D1C-4ECD-82AF-59A620B8E903}.Release|Any CPU.ActiveCfg = Release|Any CPU
		{14AB3533-1D1C-4ECD-82AF-59A620B8E903}.Release|Any CPU.Build.0 = Release|Any CPU
		{F5B0AD36-327C-4B28-B137-FD67548D8468}.Debug|Any CPU.ActiveCfg = Debug|Any CPU
		{F5B0AD36-327C-4B28-B137-FD67548D8468}.Debug|Any CPU.Build.0 = Debug|Any CPU
		{F5B0AD36-327C-4B28-B137-FD67548D8468}.Release|Any CPU.ActiveCfg = Release|Any CPU
		{F5B0AD36-327C-4B28-B137-FD67548D8468}.Release|Any CPU.Build.0 = Release|Any CPU
		{3BED21FE-988E-45A3-A13C-417951B61F68}.Debug|Any CPU.ActiveCfg = Debug|Any CPU
		{3BED21FE-988E-45A3-A13C-417951B61F68}.Debug|Any CPU.Build.0 = Debug|Any CPU
		{3BED21FE-988E-45A3-A13C-417951B61F68}.Release|Any CPU.ActiveCfg = Release|Any CPU
		{3BED21FE-988E-45A3-A13C-417951B61F68}.Release|Any CPU.Build.0 = Release|Any CPU
	EndGlobalSection
	GlobalSection(SolutionProperties) = preSolution
		HideSolutionNode = FALSE
	EndGlobalSection
	GlobalSection(ExtensibilityGlobals) = postSolution
		SolutionGuid = {99D6C5EE-E262-409A-A7E3-1038A9C8DA10}
	EndGlobalSection
EndGlobal
